dependencies:
- name: ditto
  repository: https://raw.githubusercontent.com/openegiz/helm-charts/codex/bootstrap-openegiz-helm-charts
  version: 3.3.7
- name: mongodb
  repository: https://raw.githubusercontent.com/openegiz/helm-charts/codex/bootstrap-openegiz-helm-charts
  version: 13.18.5
- name: grafana
  repository: https://raw.githubusercontent.com/openegiz/helm-charts/codex/bootstrap-openegiz-helm-charts
  version: 10.1.5
- name: influxdb2
  repository: https://raw.githubusercontent.com/openegiz/helm-charts/codex/bootstrap-openegiz-helm-charts
  version: 2.1.2
- name: telegraf
  repository: https://raw.githubusercontent.com/openegiz/helm-charts/codex/bootstrap-openegiz-helm-charts
  version: 1.8.66
- name: mosquitto
  repository: https://raw.githubusercontent.com/openegiz/helm-charts/codex/bootstrap-openegiz-helm-charts
  version: 0.3.1
- name: hono
  repository: https://raw.githubusercontent.com/openegiz/helm-charts/codex/bootstrap-openegiz-helm-charts
  version: 2.6.6
digest: sha256:ffbfb3f0610bc43a5f85decf531fe093e48f4b2ca807658013a4139dd08b5286
generated: "2026-05-04T16:06:51.124842+05:00"
